{
    "_readme": [
        "This file locks the dependencies of your project to a known state",
        "Read more about it at https://getcomposer.org/doc/01-basic-usage.md#composer-lock-the-lock-file",
        "This file is @generated automatically"
    ],
    "hash": "732b9c300b05ff8377d77a58a4c5918b",
    "content-hash": "ca7c4eb6d324844def99ac532c3bbe8f",
    "packages": [
        {
            "name": "mustache/mustache",
            "version": "v2.11.1",
            "source": {
                "type": "git",
                "url": "https://github.com/bobthecow/mustache.php.git",
                "reference": "a3f6d55996dd28b58f3a909d474189a3c1aa693f"
            },
            "dist": {
                "type": "zip",
                "url": "https://api.github.com/repos/bobthecow/mustache.php/zipball/a3f6d55996dd28b58f3a909d474189a3c1aa693f",
                "reference": "a3f6d55996dd28b58f3a909d474189a3c1aa693f",
                "shasum": ""
            },
            "require": {
                "php": ">=5.2.4"
            },
            "require-dev": {
                "friendsofphp/php-cs-fixer": "~1.11",
                "phpunit/phpunit": "~3.7|~4.0|~5.0"
            },
            "type": "library",
            "autoload": {
                "psr-0": {
                    "Mustache": "src/"
                }
            },
            "notification-url": "https://packagist.org/downloads/",
            "license": [
                "MIT"
            ],
            "authors": [
                {
                    "name": "Justin Hileman",
                    "email": "justin@justinhileman.info",
                    "homepage": "http://justinhileman.com"
                }
            ],
            "description": "A Mustache implementation in PHP.",
            "homepage": "https://github.com/bobthecow/mustache.php",
            "keywords": [
                "mustache",
                "templating"
            ],
            "time": "2016-07-31 06:18:27"
        },
        {
            "name": "reinvdwoerd/utils",
            "version": "dev-master",
            "source": {
                "type": "git",
                "url": "https://github.com/reinvdwoerd/php-utils.git",
                "reference": "956419c5e927a7dede1611c0202a30755270ffbc"
            },
            "dist": {
                "type": "zip",
                "url": "https://api.github.com/repos/reinvdwoerd/php-utils/zipball/956419c5e927a7dede1611c0202a30755270ffbc",
                "reference": "956419c5e927a7dede1611c0202a30755270ffbc",
                "shasum": ""
            },
            "type": "library",
            "autoload": {
                "psr-4": {
                    "Utils\\": "."
                }
            },
            "notification-url": "https://packagist.org/downloads/",
            "authors": [
                {
                    "name": "Rein van der Woerd",
                    "email": "reinvanderwoerd@me.com"
                }
            ],
            "time": "2016-12-18 15:17:47"
        }
    ],
    "packages-dev": [],
    "aliases": [],
    "minimum-stability": "stable",
    "stability-flags": {
        "reinvdwoerd/utils": 20
    },
    "prefer-stable": false,
    "prefer-lowest": false,
    "platform": [],
    "platform-dev": []
}
